// !$*UTF8*$!
{
	archiveVersion = 1;
	classes = {
	};
	objectVersion = 46;
	objects = {

/* Begin PBXBuildFile section */
		3F1FA67519D53D9E0088E4B7 /* AppDelegate.swift in Sources */ = {isa = PBXBuildFile; fileRef = 3F1FA67419D53D9E0088E4B7 /* AppDelegate.swift */; };
		3F1FA67719D53D9E0088E4B7 /* ViewController.swift in Sources */ = {isa = PBXBuildFile; fileRef = 3F1FA67619D53D9E0088E4B7 /* ViewController.swift */; };
		3F1FA67A19D53D9E0088E4B7 /* Main.storyboard in Resources */ = {isa = PBXBuildFile; fileRef = 3F1FA67819D53D9E0088E4B7 /* Main.storyboard */; };
		3F1FA67C19D53D9E0088E4B7 /* Images.xcassets in Resources */ = {isa = PBXBuildFile; fileRef = 3F1FA67B19D53D9E0088E4B7 /* Images.xcassets */; };
		3F1FA67F19D53D9E0088E4B7 /* LaunchScreen.xib in Resources */ = {isa = PBXBuildFile; fileRef = 3F1FA67D19D53D9E0088E4B7 /* LaunchScreen.xib */; };
		3F1FA68B19D53D9E0088E4B7 /* lab1Tests.swift in Sources */ = {isa = PBXBuildFile; fileRef = 3F1FA68A19D53D9E0088E4B7 /* lab1Tests.swift */; };
/* End PBXBuildFile section */

/* Begin PBXContainerItemProxy section */
		3F1FA68519D53D9E0088E4B7 /* PBXContainerItemProxy */ = {
			isa = PBXContainerItemProxy;
			containerPortal = 3F1FA66719D53D9E0088E4B7 /* Project object */;
			proxyType = 1;
			remoteGlobalIDString = 3F1FA66E19D53D9E0088E4B7;
			remoteInfo = lab1;
		};
/* End PBXContainerItemProxy section */

/* Begin PBXFileReference section */
		3F1FA66F19D53D9E0088E4B7 /* lab1.app */ = {isa = PBXFileReference; explicitFileType = wrapper.application; includeInIndex = 0; path = lab1.app; sourceTree = BUILT_PRODUCTS_DIR; };
		3F1FA67319D53D9E0088E4B7 /* Info.plist */ = {isa = PBXFileReference; lastKnownFileType = text.plist.xml; path = Info.plist; sourceTree = "<group>"; };
		3F1FA67419D53D9E0088E4B7 /* AppDelegate.swift */ = {isa = PBXFileReference; lastKnownFileType = sourcecode.swift; path = AppDelegate.swift; sourceTree = "<group>"; };
		3F1FA67619D53D9E0088E4B7 /* ViewController.swift */ = {isa = PBXFileReference; lastKnownFileType = sourcecode.swift; path = ViewController.swift; sourceTree = "<group>"; };
		3F1FA67919D53D9E0088E4B7 /* Base */ = {isa = PBXFileReference; lastKnownFileType = file.storyboard; name = Base; path = Base.lproj/Main.storyboard; sourceTree = "<group>"; };
		3F1FA67B19D53D9E0088E4B7 /* Images.xcassets */ = {isa = PBXFileReference; lastKnownFileType = folder.assetcatalog; path = Images.xcassets; sourceTree = "<group>"; };
		3F1FA67E19D53D9E0088E4B7 /* Base */ = {isa = PBXFileReference; lastKnownFileType = file.xib; name = Base; path = Base.lproj/LaunchScreen.xib; sourceTree = "<group>"; };
		3F1FA68419D53D9E0088E4B7 /* lab1Tests.xctest */ = {isa = PBXFileReference; explicitFileType = wrapper.cfbundle; includeInIndex = 0; path = lab1Tests.xctest; sourceTree = BUILT_PRODUCTS_DIR; };
		3F1FA68919D53D9E0088E4B7 /* Info.plist */ = {isa = PBXFileReference; lastKnownFileType = text.plist.xml; path = Info.plist; sourceTree = "<group>"; };
		3F1FA68A19D53D9E0088E4B7 /* lab1Tests.swift */ = {isa = PBXFileReference; lastKnownFileType = sourcecode.swift; path = lab1Tests.swift; sourceTree = "<group>"; };
/* End PBXFileReference section */

/* Begin PBXFrameworksBuildPhase section */
		3F1FA66C19D53D9E0088E4B7 /* Frameworks */ = {
			isa = PBXFrameworksBuildPhase;
			buildActionMask = 2147483647;
			files = (
			);
			runOnlyForDeploymentPostprocessing = 0;
		};
		3F1FA68119D53D9E0088E4B7 /* Frameworks */ = {
			isa = PBXFrameworksBuildPhase;
			buildActionMask = 2147483647;
			files = (
			);
			runOnlyForDeploymentPostprocessing = 0;
		};
/* End PBXFrameworksBuildPhase section */

/* Begin PBXGroup section */
		3F1FA66619D53D9E0088E4B7 = {
			isa = PBXGroup;
			children = (
				3F1FA67119D53D9E0088E4B7 /* lab1 */,
				3F1FA68719D53D9E0088E4B7 /* lab1Tests */,
				3F1FA67019D53D9E0088E4B7 /* Products */,
			);
			sourceTree = "<group>";
		};
		3F1FA67019D53D9E0088E4B7 /* Products */ = {
			isa = PBXGroup;
			children = (
				3F1FA66F19D53D9E0088E4B7 /* lab1.app */,
				3F1FA68419D53D9E0088E4B7 /* lab1Tests.xctest */,
			);
			name = Products;
			sourceTree = "<group>";
		};
		3F1FA67119D53D9E0088E4B7 /* lab1 */ = {
			isa = PBXGroup;
			children = (
				3F1FA67419D53D9E0088E4B7 /* AppDelegate.swift */,
				3F1FA67619D53D9E0088E4B7 /* ViewController.swift */,
				3F1FA67819D53D9E0088E4B7 /* Main.storyboard */,
				3F1FA67B19D53D9E0088E4B7 /* Images.xcassets */,
				3F1FA67D19D53D9E0088E4B7 /* LaunchScreen.xib */,
				3F1FA67219D53D9E0088E4B7 /* Supporting Files */,
			);
			path = lab1;
			sourceTree = "<group>";
		};
		3F1FA67219D53D9E0088E4B7 /* Supporting Files */ = {
			isa = PBXGroup;
			children = (
				3F1FA67319D53D9E0088E4B7 /* Info.plist */,
			);
			name = "Supporting Files";
			sourceTree = "<group>";
		};
		3F1FA68719D53D9E0088E4B7 /* lab1Tests */ = {
			isa = PBXGroup;
			children = (
				3F1FA68A19D53D9E0088E4B7 /* lab1Tests.swift */,
				3F1FA68819D53D9E0088E4B7 /* Supporting Files */,
			);
			path = lab1Tests;
			sourceTree = "<group>";
		};
		3F1FA68819D53D9E0088E4B7 /* Supporting Files */ = {
			isa = PBXGroup;
			children = (
				3F1FA68919D53D9E0088E4B7 /* Info.plist */,
			);
			name = "Supporting Files";
			sourceTree = "<group>";
		};
/* End PBXGroup section */

/* Begin PBXNativeTarget section */
		3F1FA66E19D53D9E0088E4B7 /* lab1 */ = {
			isa = PBXNativeTarget;
			buildConfigurationList = 3F1FA68E19D53D9E0088E4B7 /* Build configuration list for PBXNativeTarget "lab1" */;
			buildPhases = (
				3F1FA66B19D53D9E0088E4B7 /* Sources */,
				3F1FA66C19D53D9E0088E4B7 /* Frameworks */,
				3F1FA66D19D53D9E0088E4B7 /* Resources */,
			);
			buildRules = (
			);
			dependencies = (
			);
			name = lab1;
			productName = lab1;
			productReference = 3F1FA66F19D53D9E0088E4B7 /* lab1.app */;
			productType = "com.apple.product-type.application";
		};
		3F1FA68319D53D9E0088E4B7 /* lab1Tests */ = {
			isa = PBXNativeTarget;
			buildConfigurationList = 3F1FA69119D53D9E0088E4B7 /* Build configuration list for PBXNativeTarget "lab1Tests" */;
			buildPhases = (
				3F1FA68019D53D9E0088E4B7 /* Sources */,
				3F1FA68119D53D9E0088E4B7 /* Frameworks */,
				3F1FA68219D53D9E0088E4B7 /* Resources */,
			);
			buildRules = (
			);
			dependencies = (
				3F1FA68619D53D9E0088E4B7 /* PBXTargetDependency */,
			);
			name = lab1Tests;
			productName = lab1Tests;
			productReference = 3F1FA68419D53D9E0088E4B7 /* lab1Tests.xctest */;
			productType = "com.apple.product-type.bundle.unit-test";
		};
/* End PBXNativeTarget section */

/* Begin PBXProject section */
		3F1FA66719D53D9E0088E4B7 /* Project object */ = {
			isa = PBXProject;
			attributes = {
				LastUpgradeCheck = 0600;
				ORGANIZATIONNAME = Student;
				TargetAttributes = {
					3F1FA66E19D53D9E0088E4B7 = {
						CreatedOnToolsVersion = 6.0;
					};
					3F1FA68319D53D9E0088E4B7 = {
						CreatedOnToolsVersion = 6.0;
						TestTargetID = 3F1FA66E19D53D9E0088E4B7;
					};
				};
			};
			buildConfigurationList = 3F1FA66A19D53D9E0088E4B7 /* Build configuration list for PBXProject "lab1" */;
			compatibilityVersion = "Xcode 3.2";
			developmentRegion = English;
			hasScannedForEncodings = 0;
			knownRegions = (
				en,
				Base,
			);
			mainGroup = 3F1FA66619D53D9E0088E4B7;
			productRefGroup = 3F1FA67019D53D9E0088E4B7 /* Products */;
			projectDirPath = "";
			projectRoot = "";
			targets = (
				3F1FA66E19D53D9E0088E4B7 /* lab1 */,
				3F1FA68319D53D9E0088E4B7 /* lab1Tests */,
			);
		};
/* End PBXProject section */

/* Begin PBXResourcesBuildPhase section */
		3F1FA66D19D53D9E0088E4B7 /* Resources */ = {
			isa = PBXResourcesBuildPhase;
			buildActionMask = 2147483647;
			files = (
				3F1FA67A19D53D9E0088E4B7 /* Main.storyboard in Resources */,
				3F1FA67F19D53D9E0088E4B7 /* LaunchScreen.xib in Resources */,
				3F1FA67C19D53D9E0088E4B7 /* Images.xcassets in Resources */,
			);
			runOnlyForDeploymentPostprocessing = 0;
		};
		3F1FA68219D53D9E0088E4B7 /* Resources */ = {
			isa = PBXResourcesBuildPhase;
			buildActionMask = 2147483647;
			files = (
			);
			runOnlyForDeploymentPostprocessing = 0;
		};
/* End PBXResourcesBuildPhase section */

/* Begin PBXSourcesBuildPhase section */
		3F1FA66B19D53D9E0088E4B7 /* Sources */ = {
			isa = PBXSourcesBuildPhase;
			buildActionMask = 2147483647;
			files = (
				3F1FA67719D53D9E0088E4B7 /* ViewController.swift in Sources */,
				3F1FA67519D53D9E0088E4B7 /* AppDelegate.swift in Sources */,
			);
			runOnlyForDeploymentPostprocessing = 0;
		};
		3F1FA68019D53D9E0088E4B7 /* Sources */ = {
			isa = PBXSourcesBuildPhase;
			buildActionMask = 2147483647;
			files = (
				3F1FA68B19D53D9E0088E4B7 /* lab1Tests.swift in Sources */,
			);
			runOnlyForDeploymentPostprocessing = 0;
		};
/* End PBXSourcesBuildPhase section */

/* Begin PBXTargetDependency section */
		3F1FA68619D53D9E0088E4B7 /* PBXTargetDependency */ = {
			isa = PBXTargetDependency;
			target = 3F1FA66E19D53D9E0088E4B7 /* lab1 */;
			targetProxy = 3F1FA68519D53D9E0088E4B7 /* PBXContainerItemProxy */;
		};
/* End PBXTargetDependency section */

/* Begin PBXVariantGroup section */
		3F1FA67819D53D9E0088E4B7 /* Main.storyboard */ = {
			isa = PBXVariantGroup;
			children = (
				3F1FA67919D53D9E0088E4B7 /* Base */,
			);
			name = Main.storyboard;
			sourceTree = "<group>";
		};
		3F1FA67D19D53D9E0088E4B7 /* LaunchScreen.xib */ = {
			isa = PBXVariantGroup;
			children = (
				3F1FA67E19D53D9E0088E4B7 /* Base */,
			);
			name = LaunchScreen.xib;
			sourceTree = "<group>";
		};
/* End PBXVariantGroup section */

/* Begin XCBuildConfiguration section */
		3F1FA68C19D53D9E0088E4B7 /* Debug */ = {
			isa = XCBuildConfiguration;
			buildSettings = {
				ALWAYS_SEARCH_USER_PATHS = NO;
				CLANG_CXX_LANGUAGE_STANDARD = "gnu++0x";
				CLANG_CXX_LIBRARY = "libc++";
				CLANG_ENABLE_MODULES = YES;
				CLANG_ENABLE_OBJC_ARC = YES;
				CLANG_WARN_BOOL_CONVERSION = YES;
				CLANG_WARN_CONSTANT_CONVERSION = YES;
				CLANG_WARN_DIRECT_OBJC_ISA_USAGE = YES_ERROR;
				CLANG_WARN_EMPTY_BODY = YES;
				CLANG_WARN_ENUM_CONVERSION = YES;
				CLANG_WARN_INT_CONVERSION = YES;
				CLANG_WARN_OBJC_ROOT_CLASS = YES_ERROR;
				CLANG_WARN_UNREACHABLE_CODE = YES;
				CLANG_WARN__DUPLICATE_METHOD_MATCH = YES;
				"CODE_SIGN_IDENTITY[sdk=iphoneos*]" = "iPhone Developer";
				COPY_PHASE_STRIP = NO;
				ENABLE_STRICT_OBJC_MSGSEND = YES;
				GCC_C_LANGUAGE_STANDARD = gnu99;
				GCC_DYNAMIC_NO_PIC = NO;
				GCC_OPTIMIZATION_LEVEL = 0;
				GCC_PREPROCESSOR_DEFINITIONS = (
					"DEBUG=1",
					"$(inherited)",
				);
				GCC_SYMBOLS_PRIVATE_EXTERN = NO;
				GCC_WARN_64_TO_32_BIT_CONVERSION = YES;
				GCC_WARN_ABOUT_RETURN_TYPE = YES_ERROR;
				GCC_WARN_UNDECLARED_SELECTOR = YES;
				GCC_WARN_UNINITIALIZED_AUTOS = YES_AGGRESSIVE;
				GCC_WARN_UNUSED_FUNCTION = YES;
				GCC_WARN_UNUSED_VARIABLE = YES;
				IPHONEOS_DEPLOYMENT_TARGET = 8.0;
				MTL_ENABLE_DEBUG_INFO = YES;
				ONLY_ACTIVE_ARCH = YES;
				SDKROOT = iphoneos;
				SWIFT_OPTIMIZATION_LEVEL = "-Onone";
			};
			name = Debug;
		};
		3F1FA68D19D53D9E0088E4B7 /* Release */ = {
			isa = XCBuildConfiguration;
			buildSettings = {
				ALWAYS_SEARCH_USER_PATHS = NO;
				CLANG_CXX_LANGUAGE_STANDARD = "gnu++0x";
				CLANG_CXX_LIBRARY = "libc++";
				CLANG_ENABLE_MODULES = YES;
				CLANG_ENABLE_OBJC_ARC = YES;
				CLANG_WARN_BOOL_CONVERSION = YES;
				CLANG_WARN_CONSTANT_CONVERSION = YES;
				CLANG_WARN_DIRECT_OBJC_ISA_USAGE = YES_ERROR;
				CLANG_WARN_EMPTY_BODY = YES;
				CLANG_WARN_ENUM_CONVERSION = YES;
				CLANG_WARN_INT_CONVERSION = YES;
				CLANG_WARN_OBJC_ROOT_CLASS = YES_ERROR;
				CLANG_WARN_UNREACHABLE_CODE = YES;
				CLANG_WARN__DUPLICATE_METHOD_MATCH = YES;
				"CODE_SIGN_IDENTITY[sdk=iphoneos*]" = "iPhone Developer";
				COPY_PHASE_STRIP = YES;
				ENABLE_NS_ASSERTIONS = NO;
				ENABLE_STRICT_OBJC_MSGSEND = YES;
				GCC_C_LANGUAGE_STANDARD = gnu99;
				GCC_WARN_64_TO_32_BIT_CONVERSION = YES;
				GCC_WARN_ABOUT_RETURN_TYPE = YES_ERROR;
				GCC_WARN_UNDECLARED_SELECTOR = YES;
				GCC_WARN_UNINITIALIZED_AUTOS = YES_AGGRESSIVE;
				GCC_WARN_UNUSED_FUNCTION = YES;
				GCC_WARN_UNUSED_VARIABLE = YES;
				IPHONEOS_DEPLOYMENT_TARGET = 8.0;
				MTL_ENABLE_DEBUG_INFO = NO;
				SDKROOT = iphoneos;
				VALIDATE_PRODUCT = YES;
			};
			name = Release;
		};
		3F1FA68F19D53D9E0088E4B7 /* Debug */ = {
			isa = XCBuildConfiguration;
			buildSettings = {
				ASSETCATALOG_COMPILER_APPICON_NAME = AppIcon;
				INFOPLIST_FILE = lab1/Info.plist;
				LD_RUNPATH_SEARCH_PATHS = "$(inherited) @executable_path/Frameworks";
				PRODUCT_NAME = "$(TARGET_NAME)";
			};
			name = Debug;
		};
		3F1FA69019D53D9E0088E4B7 /* Release */ = {
			isa = XCBuildConfiguration;
			buildSettings = {
				ASSETCATALOG_COMPILER_APPICON_NAME = AppIcon;
				INFOPLIST_FILE = lab1/Info.plist;
				LD_RUNPATH_SEARCH_PATHS = "$(inherited) @executable_path/Frameworks";
				PRODUCT_NAME = "$(TARGET_NAME)";
			};
			name = Release;
		};
		3F1FA69219D53D9E0088E4B7 /* Debug */ = {
			isa = XCBuildConfiguration;
			buildSettings = {
				BUNDLE_LOADER = "$(TEST_HOST)";
				FRAMEWORK_SEARCH_PATHS = (
					"$(SDKROOT)/Developer/Library/Frameworks",
					"$(inherited)",
				);
				GCC_PREPROCESSOR_DEFINITIONS = (
					"DEBUG=1",
					"$(inherited)",
				);
				INFOPLIST_FILE = lab1Tests/Info.plist;
				LD_RUNPATH_SEARCH_PATHS = "$(inherited) @executable_path/Frameworks @loader_path/Frameworks";
				PRODUCT_NAME = "$(TARGET_NAME)";
				TEST_HOST = "$(BUILT_PRODUCTS_DIR)/lab1.app/lab1";
			};
			name = Debug;
		};
		3F1FA69319D53D9E0088E4B7 /* Release */ = {
			isa = XCBuildConfiguration;
			buildSettings = {
				BUNDLE_LOADER = "$(TEST_HOST)";
				FRAMEWORK_SEARCH_PATHS = (
					"$(SDKROOT)/Developer/Library/Frameworks",
					"$(inherited)",
				);
				INFOPLIST_FILE = lab1Tests/Info.plist;
				LD_RUNPATH_SEARCH_PATHS = "$(inherited) @executable_path/Frameworks @loader_path/Frameworks";
				PRODUCT_NAME = "$(TARGET_NAME)";
				TEST_HOST = "$(BUILT_PRODUCTS_DIR)/lab1.app/lab1";
			};
			name = Release;
		};
/* End XCBuildConfiguration section */

/* Begin XCConfigurationList section */
		3F1FA66A19D53D9E0088E4B7 /* Build configuration list for PBXProject "lab1" */ = {
			isa = XCConfigurationList;
			buildConfigurations = (
				3F1FA68C19D53D9E0088E4B7 /* Debug */,
				3F1FA68D19D53D9E0088E4B7 /* Release */,
			);
			defaultConfigurationIsVisible = 0;
			defaultConfigurationName = Release;
		};
		3F1FA68E19D53D9E0088E4B7 /* Build configuration list for PBXNativeTarget "lab1" */ = {
			isa = XCConfigurationList;
			buildConfigurations = (
				3F1FA68F19D53D9E0088E4B7 /* Debug */,
				3F1FA69019D53D9E0088E4B7 /* Release */,
			);
			defaultConfigurationIsVisible = 0;
		};
		3F1FA69119D53D9E0088E4B7 /* Build configuration list for PBXNativeTarget "lab1Tests" */ = {
			isa = XCConfigurationList;
			buildConfigurations = (
				3F1FA69219D53D9E0088E4B7 /* Debug */,
				3F1FA69319D53D9E0088E4B7 /* Release */,
			);
			defaultConfigurationIsVisible = 0;
		};
/* End XCConfigurationList section */
	};
	rootObject = 3F1FA66719D53D9E0088E4B7 /* Project object */;
}
