// !$*UTF8*$!
{
	archiveVersion = 1;
	classes = {
	};
	objectVersion = 46;
	objects = {

/* Begin PBXBuildFile section */
		3F6D0D1F19FA2768004F3390 /* AppDelegate.swift in Sources */ = {isa = PBXBuildFile; fileRef = 3F6D0D1E19FA2768004F3390 /* AppDelegate.swift */; };
		3F6D0D2119FA2768004F3390 /* ViewController.swift in Sources */ = {isa = PBXBuildFile; fileRef = 3F6D0D2019FA2768004F3390 /* ViewController.swift */; };
		3F6D0D2419FA2768004F3390 /* Main.storyboard in Resources */ = {isa = PBXBuildFile; fileRef = 3F6D0D2219FA2768004F3390 /* Main.storyboard */; };
		3F6D0D2619FA2768004F3390 /* Images.xcassets in Resources */ = {isa = PBXBuildFile; fileRef = 3F6D0D2519FA2768004F3390 /* Images.xcassets */; };
		3F6D0D2919FA2768004F3390 /* LaunchScreen.xib in Resources */ = {isa = PBXBuildFile; fileRef = 3F6D0D2719FA2768004F3390 /* LaunchScreen.xib */; };
		3F6D0D3519FA2768004F3390 /* Lab2Tests.swift in Sources */ = {isa = PBXBuildFile; fileRef = 3F6D0D3419FA2768004F3390 /* Lab2Tests.swift */; };
		3F6D0D3F19FA2F03004F3390 /* ColorTwoViewController.swift in Sources */ = {isa = PBXBuildFile; fileRef = 3F6D0D3E19FA2F03004F3390 /* ColorTwoViewController.swift */; };
/* End PBXBuildFile section */

/* Begin PBXContainerItemProxy section */
		3F6D0D2F19FA2768004F3390 /* PBXContainerItemProxy */ = {
			isa = PBXContainerItemProxy;
			containerPortal = 3F6D0D1119FA2768004F3390 /* Project object */;
			proxyType = 1;
			remoteGlobalIDString = 3F6D0D1819FA2768004F3390;
			remoteInfo = Lab2;
		};
/* End PBXContainerItemProxy section */

/* Begin PBXFileReference section */
		3F6D0D1919FA2768004F3390 /* Lab2.app */ = {isa = PBXFileReference; explicitFileType = wrapper.application; includeInIndex = 0; path = Lab2.app; sourceTree = BUILT_PRODUCTS_DIR; };
		3F6D0D1D19FA2768004F3390 /* Info.plist */ = {isa = PBXFileReference; lastKnownFileType = text.plist.xml; path = Info.plist; sourceTree = "<group>"; };
		3F6D0D1E19FA2768004F3390 /* AppDelegate.swift */ = {isa = PBXFileReference; lastKnownFileType = sourcecode.swift; path = AppDelegate.swift; sourceTree = "<group>"; };
		3F6D0D2019FA2768004F3390 /* ViewController.swift */ = {isa = PBXFileReference; lastKnownFileType = sourcecode.swift; path = ViewController.swift; sourceTree = "<group>"; };
		3F6D0D2319FA2768004F3390 /* Base */ = {isa = PBXFileReference; lastKnownFileType = file.storyboard; name = Base; path = Base.lproj/Main.storyboard; sourceTree = "<group>"; };
		3F6D0D2519FA2768004F3390 /* Images.xcassets */ = {isa = PBXFileReference; lastKnownFileType = folder.assetcatalog; path = Images.xcassets; sourceTree = "<group>"; };
		3F6D0D2819FA2768004F3390 /* Base */ = {isa = PBXFileReference; lastKnownFileType = file.xib; name = Base; path = Base.lproj/LaunchScreen.xib; sourceTree = "<group>"; };
		3F6D0D2E19FA2768004F3390 /* Lab2Tests.xctest */ = {isa = PBXFileReference; explicitFileType = wrapper.cfbundle; includeInIndex = 0; path = Lab2Tests.xctest; sourceTree = BUILT_PRODUCTS_DIR; };
		3F6D0D3319FA2768004F3390 /* Info.plist */ = {isa = PBXFileReference; lastKnownFileType = text.plist.xml; path = Info.plist; sourceTree = "<group>"; };
		3F6D0D3419FA2768004F3390 /* Lab2Tests.swift */ = {isa = PBXFileReference; lastKnownFileType = sourcecode.swift; path = Lab2Tests.swift; sourceTree = "<group>"; };
		3F6D0D3E19FA2F03004F3390 /* ColorTwoViewController.swift */ = {isa = PBXFileReference; fileEncoding = 4; lastKnownFileType = sourcecode.swift; path = ColorTwoViewController.swift; sourceTree = "<group>"; };
/* End PBXFileReference section */

/* Begin PBXFrameworksBuildPhase section */
		3F6D0D1619FA2768004F3390 /* Frameworks */ = {
			isa = PBXFrameworksBuildPhase;
			buildActionMask = 2147483647;
			files = (
			);
			runOnlyForDeploymentPostprocessing = 0;
		};
		3F6D0D2B19FA2768004F3390 /* Frameworks */ = {
			isa = PBXFrameworksBuildPhase;
			buildActionMask = 2147483647;
			files = (
			);
			runOnlyForDeploymentPostprocessing = 0;
		};
/* End PBXFrameworksBuildPhase section */

/* Begin PBXGroup section */
		3F6D0D1019FA2768004F3390 = {
			isa = PBXGroup;
			children = (
				3F6D0D1B19FA2768004F3390 /* Lab2 */,
				3F6D0D3119FA2768004F3390 /* Lab2Tests */,
				3F6D0D1A19FA2768004F3390 /* Products */,
			);
			sourceTree = "<group>";
		};
		3F6D0D1A19FA2768004F3390 /* Products */ = {
			isa = PBXGroup;
			children = (
				3F6D0D1919FA2768004F3390 /* Lab2.app */,
				3F6D0D2E19FA2768004F3390 /* Lab2Tests.xctest */,
			);
			name = Products;
			sourceTree = "<group>";
		};
		3F6D0D1B19FA2768004F3390 /* Lab2 */ = {
			isa = PBXGroup;
			children = (
				3F6D0D3E19FA2F03004F3390 /* ColorTwoViewController.swift */,
				3F6D0D1E19FA2768004F3390 /* AppDelegate.swift */,
				3F6D0D2019FA2768004F3390 /* ViewController.swift */,
				3F6D0D2219FA2768004F3390 /* Main.storyboard */,
				3F6D0D2519FA2768004F3390 /* Images.xcassets */,
				3F6D0D2719FA2768004F3390 /* LaunchScreen.xib */,
				3F6D0D1C19FA2768004F3390 /* Supporting Files */,
			);
			path = Lab2;
			sourceTree = "<group>";
		};
		3F6D0D1C19FA2768004F3390 /* Supporting Files */ = {
			isa = PBXGroup;
			children = (
				3F6D0D1D19FA2768004F3390 /* Info.plist */,
			);
			name = "Supporting Files";
			sourceTree = "<group>";
		};
		3F6D0D3119FA2768004F3390 /* Lab2Tests */ = {
			isa = PBXGroup;
			children = (
				3F6D0D3419FA2768004F3390 /* Lab2Tests.swift */,
				3F6D0D3219FA2768004F3390 /* Supporting Files */,
			);
			path = Lab2Tests;
			sourceTree = "<group>";
		};
		3F6D0D3219FA2768004F3390 /* Supporting Files */ = {
			isa = PBXGroup;
			children = (
				3F6D0D3319FA2768004F3390 /* Info.plist */,
			);
			name = "Supporting Files";
			sourceTree = "<group>";
		};
/* End PBXGroup section */

/* Begin PBXNativeTarget section */
		3F6D0D1819FA2768004F3390 /* Lab2 */ = {
			isa = PBXNativeTarget;
			buildConfigurationList = 3F6D0D3819FA2768004F3390 /* Build configuration list for PBXNativeTarget "Lab2" */;
			buildPhases = (
				3F6D0D1519FA2768004F3390 /* Sources */,
				3F6D0D1619FA2768004F3390 /* Frameworks */,
				3F6D0D1719FA2768004F3390 /* Resources */,
			);
			buildRules = (
			);
			dependencies = (
			);
			name = Lab2;
			productName = Lab2;
			productReference = 3F6D0D1919FA2768004F3390 /* Lab2.app */;
			productType = "com.apple.product-type.application";
		};
		3F6D0D2D19FA2768004F3390 /* Lab2Tests */ = {
			isa = PBXNativeTarget;
			buildConfigurationList = 3F6D0D3B19FA2768004F3390 /* Build configuration list for PBXNativeTarget "Lab2Tests" */;
			buildPhases = (
				3F6D0D2A19FA2768004F3390 /* Sources */,
				3F6D0D2B19FA2768004F3390 /* Frameworks */,
				3F6D0D2C19FA2768004F3390 /* Resources */,
			);
			buildRules = (
			);
			dependencies = (
				3F6D0D3019FA2768004F3390 /* PBXTargetDependency */,
			);
			name = Lab2Tests;
			productName = Lab2Tests;
			productReference = 3F6D0D2E19FA2768004F3390 /* Lab2Tests.xctest */;
			productType = "com.apple.product-type.bundle.unit-test";
		};
/* End PBXNativeTarget section */

/* Begin PBXProject section */
		3F6D0D1119FA2768004F3390 /* Project object */ = {
			isa = PBXProject;
			attributes = {
				LastUpgradeCheck = 0600;
				ORGANIZATIONNAME = student;
				TargetAttributes = {
					3F6D0D1819FA2768004F3390 = {
						CreatedOnToolsVersion = 6.0;
					};
					3F6D0D2D19FA2768004F3390 = {
						CreatedOnToolsVersion = 6.0;
						TestTargetID = 3F6D0D1819FA2768004F3390;
					};
				};
			};
			buildConfigurationList = 3F6D0D1419FA2768004F3390 /* Build configuration list for PBXProject "Lab2" */;
			compatibilityVersion = "Xcode 3.2";
			developmentRegion = English;
			hasScannedForEncodings = 0;
			knownRegions = (
				en,
				Base,
			);
			mainGroup = 3F6D0D1019FA2768004F3390;
			productRefGroup = 3F6D0D1A19FA2768004F3390 /* Products */;
			projectDirPath = "";
			projectRoot = "";
			targets = (
				3F6D0D1819FA2768004F3390 /* Lab2 */,
				3F6D0D2D19FA2768004F3390 /* Lab2Tests */,
			);
		};
/* End PBXProject section */

/* Begin PBXResourcesBuildPhase section */
		3F6D0D1719FA2768004F3390 /* Resources */ = {
			isa = PBXResourcesBuildPhase;
			buildActionMask = 2147483647;
			files = (
				3F6D0D2419FA2768004F3390 /* Main.storyboard in Resources */,
				3F6D0D2919FA2768004F3390 /* LaunchScreen.xib in Resources */,
				3F6D0D2619FA2768004F3390 /* Images.xcassets in Resources */,
			);
			runOnlyForDeploymentPostprocessing = 0;
		};
		3F6D0D2C19FA2768004F3390 /* Resources */ = {
			isa = PBXResourcesBuildPhase;
			buildActionMask = 2147483647;
			files = (
			);
			runOnlyForDeploymentPostprocessing = 0;
		};
/* End PBXResourcesBuildPhase section */

/* Begin PBXSourcesBuildPhase section */
		3F6D0D1519FA2768004F3390 /* Sources */ = {
			isa = PBXSourcesBuildPhase;
			buildActionMask = 2147483647;
			files = (
				3F6D0D2119FA2768004F3390 /* ViewController.swift in Sources */,
				3F6D0D1F19FA2768004F3390 /* AppDelegate.swift in Sources */,
				3F6D0D3F19FA2F03004F3390 /* ColorTwoViewController.swift in Sources */,
			);
			runOnlyForDeploymentPostprocessing = 0;
		};
		3F6D0D2A19FA2768004F3390 /* Sources */ = {
			isa = PBXSourcesBuildPhase;
			buildActionMask = 2147483647;
			files = (
				3F6D0D3519FA2768004F3390 /* Lab2Tests.swift in Sources */,
			);
			runOnlyForDeploymentPostprocessing = 0;
		};
/* End PBXSourcesBuildPhase section */

/* Begin PBXTargetDependency section */
		3F6D0D3019FA2768004F3390 /* PBXTargetDependency */ = {
			isa = PBXTargetDependency;
			target = 3F6D0D1819FA2768004F3390 /* Lab2 */;
			targetProxy = 3F6D0D2F19FA2768004F3390 /* PBXContainerItemProxy */;
		};
/* End PBXTargetDependency section */

/* Begin PBXVariantGroup section */
		3F6D0D2219FA2768004F3390 /* Main.storyboard */ = {
			isa = PBXVariantGroup;
			children = (
				3F6D0D2319FA2768004F3390 /* Base */,
			);
			name = Main.storyboard;
			sourceTree = "<group>";
		};
		3F6D0D2719FA2768004F3390 /* LaunchScreen.xib */ = {
			isa = PBXVariantGroup;
			children = (
				3F6D0D2819FA2768004F3390 /* Base */,
			);
			name = LaunchScreen.xib;
			sourceTree = "<group>";
		};
/* End PBXVariantGroup section */

/* Begin XCBuildConfiguration section */
		3F6D0D3619FA2768004F3390 /* Debug */ = {
			isa = XCBuildConfiguration;
			buildSettings = {
				ALWAYS_SEARCH_USER_PATHS = NO;
				CLANG_CXX_LANGUAGE_STANDARD = "gnu++0x";
				CLANG_CXX_LIBRARY = "libc++";
				CLANG_ENABLE_MODULES = YES;
				CLANG_ENABLE_OBJC_ARC = YES;
				CLANG_WARN_BOOL_CONVERSION = YES;
				CLANG_WARN_CONSTANT_CONVERSION = YES;
				CLANG_WARN_DIRECT_OBJC_ISA_USAGE = YES_ERROR;
				CLANG_WARN_EMPTY_BODY = YES;
				CLANG_WARN_ENUM_CONVERSION = YES;
				CLANG_WARN_INT_CONVERSION = YES;
				CLANG_WARN_OBJC_ROOT_CLASS = YES_ERROR;
				CLANG_WARN_UNREACHABLE_CODE = YES;
				CLANG_WARN__DUPLICATE_METHOD_MATCH = YES;
				"CODE_SIGN_IDENTITY[sdk=iphoneos*]" = "iPhone Developer";
				COPY_PHASE_STRIP = NO;
				ENABLE_STRICT_OBJC_MSGSEND = YES;
				GCC_C_LANGUAGE_STANDARD = gnu99;
				GCC_DYNAMIC_NO_PIC = NO;
				GCC_OPTIMIZATION_LEVEL = 0;
				GCC_PREPROCESSOR_DEFINITIONS = (
					"DEBUG=1",
					"$(inherited)",
				);
				GCC_SYMBOLS_PRIVATE_EXTERN = NO;
				GCC_WARN_64_TO_32_BIT_CONVERSION = YES;
				GCC_WARN_ABOUT_RETURN_TYPE = YES_ERROR;
				GCC_WARN_UNDECLARED_SELECTOR = YES;
				GCC_WARN_UNINITIALIZED_AUTOS = YES_AGGRESSIVE;
				GCC_WARN_UNUSED_FUNCTION = YES;
				GCC_WARN_UNUSED_VARIABLE = YES;
				IPHONEOS_DEPLOYMENT_TARGET = 8.0;
				MTL_ENABLE_DEBUG_INFO = YES;
				ONLY_ACTIVE_ARCH = YES;
				SDKROOT = iphoneos;
				SWIFT_OPTIMIZATION_LEVEL = "-Onone";
			};
			name = Debug;
		};
		3F6D0D3719FA2768004F3390 /* Release */ = {
			isa = XCBuildConfiguration;
			buildSettings = {
				ALWAYS_SEARCH_USER_PATHS = NO;
				CLANG_CXX_LANGUAGE_STANDARD = "gnu++0x";
				CLANG_CXX_LIBRARY = "libc++";
				CLANG_ENABLE_MODULES = YES;
				CLANG_ENABLE_OBJC_ARC = YES;
				CLANG_WARN_BOOL_CONVERSION = YES;
				CLANG_WARN_CONSTANT_CONVERSION = YES;
				CLANG_WARN_DIRECT_OBJC_ISA_USAGE = YES_ERROR;
				CLANG_WARN_EMPTY_BODY = YES;
				CLANG_WARN_ENUM_CONVERSION = YES;
				CLANG_WARN_INT_CONVERSION = YES;
				CLANG_WARN_OBJC_ROOT_CLASS = YES_ERROR;
				CLANG_WARN_UNREACHABLE_CODE = YES;
				CLANG_WARN__DUPLICATE_METHOD_MATCH = YES;
				"CODE_SIGN_IDENTITY[sdk=iphoneos*]" = "iPhone Developer";
				COPY_PHASE_STRIP = YES;
				ENABLE_NS_ASSERTIONS = NO;
				ENABLE_STRICT_OBJC_MSGSEND = YES;
				GCC_C_LANGUAGE_STANDARD = gnu99;
				GCC_WARN_64_TO_32_BIT_CONVERSION = YES;
				GCC_WARN_ABOUT_RETURN_TYPE = YES_ERROR;
				GCC_WARN_UNDECLARED_SELECTOR = YES;
				GCC_WARN_UNINITIALIZED_AUTOS = YES_AGGRESSIVE;
				GCC_WARN_UNUSED_FUNCTION = YES;
				GCC_WARN_UNUSED_VARIABLE = YES;
				IPHONEOS_DEPLOYMENT_TARGET = 8.0;
				MTL_ENABLE_DEBUG_INFO = NO;
				SDKROOT = iphoneos;
				VALIDATE_PRODUCT = YES;
			};
			name = Release;
		};
		3F6D0D3919FA2768004F3390 /* Debug */ = {
			isa = XCBuildConfiguration;
			buildSettings = {
				ASSETCATALOG_COMPILER_APPICON_NAME = AppIcon;
				INFOPLIST_FILE = Lab2/Info.plist;
				LD_RUNPATH_SEARCH_PATHS = "$(inherited) @executable_path/Frameworks";
				PRODUCT_NAME = "$(TARGET_NAME)";
			};
			name = Debug;
		};
		3F6D0D3A19FA2768004F3390 /* Release */ = {
			isa = XCBuildConfiguration;
			buildSettings = {
				ASSETCATALOG_COMPILER_APPICON_NAME = AppIcon;
				INFOPLIST_FILE = Lab2/Info.plist;
				LD_RUNPATH_SEARCH_PATHS = "$(inherited) @executable_path/Frameworks";
				PRODUCT_NAME = "$(TARGET_NAME)";
			};
			name = Release;
		};
		3F6D0D3C19FA2768004F3390 /* Debug */ = {
			isa = XCBuildConfiguration;
			buildSettings = {
				BUNDLE_LOADER = "$(TEST_HOST)";
				FRAMEWORK_SEARCH_PATHS = (
					"$(SDKROOT)/Developer/Library/Frameworks",
					"$(inherited)",
				);
				GCC_PREPROCESSOR_DEFINITIONS = (
					"DEBUG=1",
					"$(inherited)",
				);
				INFOPLIST_FILE = Lab2Tests/Info.plist;
				LD_RUNPATH_SEARCH_PATHS = "$(inherited) @executable_path/Frameworks @loader_path/Frameworks";
				PRODUCT_NAME = "$(TARGET_NAME)";
				TEST_HOST = "$(BUILT_PRODUCTS_DIR)/Lab2.app/Lab2";
			};
			name = Debug;
		};
		3F6D0D3D19FA2768004F3390 /* Release */ = {
			isa = XCBuildConfiguration;
			buildSettings = {
				BUNDLE_LOADER = "$(TEST_HOST)";
				FRAMEWORK_SEARCH_PATHS = (
					"$(SDKROOT)/Developer/Library/Frameworks",
					"$(inherited)",
				);
				INFOPLIST_FILE = Lab2Tests/Info.plist;
				LD_RUNPATH_SEARCH_PATHS = "$(inherited) @executable_path/Frameworks @loader_path/Frameworks";
				PRODUCT_NAME = "$(TARGET_NAME)";
				TEST_HOST = "$(BUILT_PRODUCTS_DIR)/Lab2.app/Lab2";
			};
			name = Release;
		};
/* End XCBuildConfiguration section */

/* Begin XCConfigurationList section */
		3F6D0D1419FA2768004F3390 /* Build configuration list for PBXProject "Lab2" */ = {
			isa = XCConfigurationList;
			buildConfigurations = (
				3F6D0D3619FA2768004F3390 /* Debug */,
				3F6D0D3719FA2768004F3390 /* Release */,
			);
			defaultConfigurationIsVisible = 0;
			defaultConfigurationName = Release;
		};
		3F6D0D3819FA2768004F3390 /* Build configuration list for PBXNativeTarget "Lab2" */ = {
			isa = XCConfigurationList;
			buildConfigurations = (
				3F6D0D3919FA2768004F3390 /* Debug */,
				3F6D0D3A19FA2768004F3390 /* Release */,
			);
			defaultConfigurationIsVisible = 0;
		};
		3F6D0D3B19FA2768004F3390 /* Build configuration list for PBXNativeTarget "Lab2Tests" */ = {
			isa = XCConfigurationList;
			buildConfigurations = (
				3F6D0D3C19FA2768004F3390 /* Debug */,
				3F6D0D3D19FA2768004F3390 /* Release */,
			);
			defaultConfigurationIsVisible = 0;
		};
/* End XCConfigurationList section */
	};
	rootObject = 3F6D0D1119FA2768004F3390 /* Project object */;
}
